
Microsoft Visual Studio Solution File, Format Version 12.00
# Visual Studio Version 16
VisualStudioVersion = 16.0.30225.117
MinimumVisualStudioVersion = 10.0.40219.1
Project("{9A19103F-16F7-4668-BE54-9A1E7A4F7556}") = "CivilizationHistoryProcGen", "CivilizationHistoryProcGen\CivilizationHistoryProcGen.csproj", "{5F013164-AB4A-42FA-B756-79D84E97BFEF}"
EndProject
Project("{FAE04EC0-301F-11D3-BF4B-00C04F79EFBC}") = "Terrain", "Terrain\Terrain.csproj", "{CBB58C4D-6810-4B69-AC41-B8CD0C1C0AB7}"
EndProject
Global
	GlobalSection(SolutionConfigurationPlatforms) = preSolution
		Debug|Any CPU = Debug|Any CPU
		Release|Any CPU = Release|Any CPU
	EndGlobalSection
	GlobalSection(ProjectConfigurationPlatforms) = postSolution
		{5F013164-AB4A-42FA-B756-79D84E97BFEF}.Debug|Any CPU.ActiveCfg = Debug|Any CPU
		{5F013164-AB4A-42FA-B756-79D84E97BFEF}.Debug|Any CPU.Build.0 = Debug|Any CPU
		{5F013164-AB4A-42FA-B756-79D84E97BFEF}.Release|Any CPU.ActiveCfg = Release|Any CPU
		{5F013164-AB4A-42FA-B756-79D84E97BFEF}.Release|Any CPU.Build.0 = Release|Any CPU
		{CBB58C4D-6810-4B69-AC41-B8CD0C1C0AB7}.Debug|Any CPU.ActiveCfg = Debug|Any CPU
		{CBB58C4D-6810-4B69-AC41-B8CD0C1C0AB7}.Debug|Any CPU.Build.0 = Debug|Any CPU
		{CBB58C4D-6810-4B69-AC41-B8CD0C1C0AB7}.Release|Any CPU.ActiveCfg = Release|Any CPU
		{CBB58C4D-6810-4B69-AC41-B8CD0C1C0AB7}.Release|Any CPU.Build.0 = Release|Any CPU
	EndGlobalSection
	GlobalSection(SolutionProperties) = preSolution
		HideSolutionNode = FALSE
	EndGlobalSection
	GlobalSection(ExtensibilityGlobals) = postSolution
		SolutionGuid = {948C5B71-C3E5-45B6-AA02-ED7E8BC3115E}
	EndGlobalSection
EndGlobal
